
Microsoft Visual Studio Solution File, Format Version 12.00
# Visual Studio Version 16
VisualStudioVersion = 25.0.1706.7
MinimumVisualStudioVersion = 10.0.40219.1
Project("{FAE04EC0-301F-11D3-BF4B-00C04F79EFBC}") = "Tahmin_Oyunu", "Tahmin_Oyunu.csproj", "{9586DA33-8201-46AE-96C0-618711A3877F}"
EndProject
Global
	GlobalSection(SolutionConfigurationPlatforms) = preSolution
		Debug|Any CPU = Debug|Any CPU
		Release|Any CPU = Release|Any CPU
	EndGlobalSection
	GlobalSection(ProjectConfigurationPlatforms) = postSolution
		{9586DA33-8201-46AE-96C0-618711A3877F}.Debug|Any CPU.ActiveCfg = Debug|Any CPU
		{9586DA33-8201-46AE-96C0-618711A3877F}.Debug|Any CPU.Build.0 = Debug|Any CPU
		{9586DA33-8201-46AE-96C0-618711A3877F}.Release|Any CPU.ActiveCfg = Release|Any CPU
		{9586DA33-8201-46AE-96C0-618711A3877F}.Release|Any CPU.Build.0 = Release|Any CPU
	EndGlobalSection
	GlobalSection(SolutionProperties) = preSolution
		HideSolutionNode = FALSE
	EndGlobalSection
	GlobalSection(ExtensibilityGlobals) = postSolution
		SolutionGuid = {FB495517-4C23-4687-9500-1E5FDE4C56DF}
	EndGlobalSection
EndGlobal
